
Microsoft Visual Studio Solution File, Format Version 12.00
# Visual Studio Version 16
VisualStudioVersion = 16.0.30523.141
MinimumVisualStudioVersion = 10.0.40219.1
Project("{9A19103F-16F7-4668-BE54-9A1E7A4F7556}") = "DrinkStores", "DrinkStores.csproj", "{2406FDCB-EF4A-473D-A213-BCE23585B411}"
EndProject
Global
	GlobalSection(SolutionConfigurationPlatforms) = preSolution
		Debug|Any CPU = Debug|Any CPU
		Release|Any CPU = Release|Any CPU
	EndGlobalSection
	GlobalSection(ProjectConfigurationPlatforms) = postSolution
		{2406FDCB-EF4A-473D-A213-BCE23585B411}.Debug|Any CPU.ActiveCfg = Debug|Any CPU
		{2406FDCB-EF4A-473D-A213-BCE23585B411}.Debug|Any CPU.Build.0 = Debug|Any CPU
		{2406FDCB-EF4A-473D-A213-BCE23585B411}.Release|Any CPU.ActiveCfg = Release|Any CPU
		{2406FDCB-EF4A-473D-A213-BCE23585B411}.Release|Any CPU.Build.0 = Release|Any CPU
	EndGlobalSection
	GlobalSection(SolutionProperties) = preSolution
		HideSolutionNode = FALSE
	EndGlobalSection
	GlobalSection(ExtensibilityGlobals) = postSolution
		SolutionGuid = {BEF72B44-8663-4EB2-98FE-4AD0160A5B88}
	EndGlobalSection
EndGlobal
